// !$*UTF8*$!
{
	archiveVersion = 1;
	classes = {
	};
	objectVersion = 56;
	objects = {

/* Begin PBXBuildFile section */
		D34979A2301A67E000EDB517 /* GoogleService-Info.plist in Resources */ = {isa = PBXBuildFile; fileRef = D34979A1301A67DF00EDB517 /* GoogleService-Info.plist */; };
		D34979A5301A6B7A00EDB517 /* FirebaseAuth in Frameworks */ = {isa = PBXBuildFile; productRef = D34979A4301A6B7A00EDB517 /* FirebaseAuth */; };
		D34979A7301A6B7A00EDB517 /* FirebaseFirestore in Frameworks */ = {isa = PBXBuildFile; productRef = D34979A6301A6B7A00EDB517 /* FirebaseFirestore */; };
		D34979A9301A6B7A00EDB517 /* FirebaseStorage in Frameworks */ = {isa = PBXBuildFile; productRef = D34979A8301A6B7A00EDB517 /* FirebaseStorage */; };
		D36DD9063019401500158913 /* LosMusiciansApp.swift in Sources */ = {isa = PBXBuildFile; fileRef = D36DD9053019401500158913 /* LosMusiciansApp.swift */; };
		D36DD9083019401500158913 /* ContentView.swift in Sources */ = {isa = PBXBuildFile; fileRef = D36DD9073019401500158913 /* ContentView.swift */; };
		D36DD90A3019401800158913 /* Assets.xcassets in Resources */ = {isa = PBXBuildFile; fileRef = D36DD9093019401800158913 /* Assets.xcassets */; };
		D36DD90D3019401800158913 /* Preview Assets.xcassets in Resources */ = {isa = PBXBuildFile; fileRef = D36DD90C3019401800158913 /* Preview Assets.xcassets */; };
		D3497911301A700000000001 /* User.swift in Sources */ = {isa = PBXBuildFile; fileRef = D3497910301A700000000001 /* User.swift */; };
		D3497911301A700000000002 /* Song.swift in Sources */ = {isa = PBXBuildFile; fileRef = D3497910301A700000000002 /* Song.swift */; };
		D3497911301A700000000003 /* AuthManager.swift in Sources */ = {isa = PBXBuildFile; fileRef = D3497910301A700000000003 /* AuthManager.swift */; };
		D3497911301A700000000004 /* FirestoreManager.swift in Sources */ = {isa = PBXBuildFile; fileRef = D3497910301A700000000004 /* FirestoreManager.swift */; };
		D3497911301A700000000005 /* MainTabView.swift in Sources */ = {isa = PBXBuildFile; fileRef = D3497910301A700000000005 /* MainTabView.swift */; };
		D3497911301A700000000006 /* LoginView.swift in Sources */ = {isa = PBXBuildFile; fileRef = D3497910301A700000000006 /* LoginView.swift */; };
		D3497911301A700000000007 /* DashboardView.swift in Sources */ = {isa = PBXBuildFile; fileRef = D3497910301A700000000007 /* DashboardView.swift */; };
		E3497911301A700000000001 /* AITeacherSetupView.swift in Sources */ = {isa = PBXBuildFile; fileRef = E3497910301A700000000001 /* AITeacherSetupView.swift */; };
		E3497911301A700000000002 /* AITeacherPlayerView.swift in Sources */ = {isa = PBXBuildFile; fileRef = E3497910301A700000000002 /* AITeacherPlayerView.swift */; };
		D3497911301A700000000008 /* SongLibraryView.swift in Sources */ = {isa = PBXBuildFile; fileRef = D3497910301A700000000008 /* SongLibraryView.swift */; };
		D3497911301A700000000009 /* AddRiffView.swift in Sources */ = {isa = PBXBuildFile; fileRef = D3497910301A700000000009 /* AddRiffView.swift */; };
		D3497911301A70000000000A /* AlphaTabWebView.swift in Sources */ = {isa = PBXBuildFile; fileRef = D3497910301A70000000000A /* AlphaTabWebView.swift */; };
		D3497911301A70000000000B /* TabPlayerView.swift in Sources */ = {isa = PBXBuildFile; fileRef = D3497910301A70000000000B /* TabPlayerView.swift */; };
		D3497911301A70000000000C /* ProfileView.swift in Sources */ = {isa = PBXBuildFile; fileRef = D3497910301A70000000000C /* ProfileView.swift */; };
/* End PBXBuildFile section */

/* Begin PBXFileReference section */
		D34979A1301A67DF00EDB517 /* GoogleService-Info.plist */ = {isa = PBXFileReference; fileEncoding = 4; lastKnownFileType = text.plist.xml; path = "GoogleService-Info.plist"; sourceTree = "<group>"; };
		D36DD9023019401500158913 /* LosMusicians.app */ = {isa = PBXFileReference; explicitFileType = wrapper.application; includeInIndex = 0; path = LosMusicians.app; sourceTree = BUILT_PRODUCTS_DIR; };
		D36DD9053019401500158913 /* LosMusiciansApp.swift */ = {isa = PBXFileReference; lastKnownFileType = sourcecode.swift; path = LosMusiciansApp.swift; sourceTree = "<group>"; };
		D36DD9073019401500158913 /* ContentView.swift */ = {isa = PBXFileReference; lastKnownFileType = sourcecode.swift; path = ContentView.swift; sourceTree = "<group>"; };
		D36DD9093019401800158913 /* Assets.xcassets */ = {isa = PBXFileReference; lastKnownFileType = folder.assetcatalog; path = Assets.xcassets; sourceTree = "<group>"; };
		D36DD90C3019401800158913 /* Preview Assets.xcassets */ = {isa = PBXFileReference; lastKnownFileType = folder.assetcatalog; path = "Preview Assets.xcassets"; sourceTree = "<group>"; };
		D3497910301A700000000001 /* User.swift */ = {isa = PBXFileReference; lastKnownFileType = sourcecode.swift; path = Models/User.swift; sourceTree = "<group>"; };
		D3497910301A700000000002 /* Song.swift */ = {isa = PBXFileReference; lastKnownFileType = sourcecode.swift; path = Models/Song.swift; sourceTree = "<group>"; };
		D3497910301A700000000003 /* AuthManager.swift */ = {isa = PBXFileReference; lastKnownFileType = sourcecode.swift; path = Services/AuthManager.swift; sourceTree = "<group>"; };
		D3497910301A700000000004 /* FirestoreManager.swift */ = {isa = PBXFileReference; lastKnownFileType = sourcecode.swift; path = Services/FirestoreManager.swift; sourceTree = "<group>"; };
		D3497910301A700000000005 /* MainTabView.swift */ = {isa = PBXFileReference; lastKnownFileType = sourcecode.swift; path = Views/MainTabView.swift; sourceTree = "<group>"; };
		D3497910301A700000000006 /* LoginView.swift */ = {isa = PBXFileReference; lastKnownFileType = sourcecode.swift; path = Views/Auth/LoginView.swift; sourceTree = "<group>"; };
		D3497910301A700000000007 /* DashboardView.swift */ = {isa = PBXFileReference; lastKnownFileType = sourcecode.swift; path = Views/Home/DashboardView.swift; sourceTree = "<group>"; };
		E3497910301A700000000001 /* AITeacherSetupView.swift */ = {isa = PBXFileReference; lastKnownFileType = sourcecode.swift; path = Views/AITeacher/AITeacherSetupView.swift; sourceTree = "<group>"; };
		E3497910301A700000000002 /* AITeacherPlayerView.swift */ = {isa = PBXFileReference; lastKnownFileType = sourcecode.swift; path = Views/AITeacher/AITeacherPlayerView.swift; sourceTree = "<group>"; };
		D3497910301A700000000008 /* SongLibraryView.swift */ = {isa = PBXFileReference; lastKnownFileType = sourcecode.swift; path = Views/Library/SongLibraryView.swift; sourceTree = "<group>"; };
		D3497910301A700000000009 /* AddRiffView.swift */ = {isa = PBXFileReference; lastKnownFileType = sourcecode.swift; path = Views/Library/AddRiffView.swift; sourceTree = "<group>"; };
		D3497910301A70000000000A /* AlphaTabWebView.swift */ = {isa = PBXFileReference; lastKnownFileType = sourcecode.swift; path = Views/Player/AlphaTabWebView.swift; sourceTree = "<group>"; };
		D3497910301A70000000000B /* TabPlayerView.swift */ = {isa = PBXFileReference; lastKnownFileType = sourcecode.swift; path = Views/Player/TabPlayerView.swift; sourceTree = "<group>"; };
		D3497910301A70000000000C /* ProfileView.swift */ = {isa = PBXFileReference; lastKnownFileType = sourcecode.swift; path = Views/Profile/ProfileView.swift; sourceTree = "<group>"; };
/* End PBXFileReference section */

/* Begin PBXFrameworksBuildPhase section */
		D36DD8FF3019401500158913 /* Frameworks */ = {
			isa = PBXFrameworksBuildPhase;
			buildActionMask = 2147483647;
			files = (
				D34979A5301A6B7A00EDB517 /* FirebaseAuth in Frameworks */,
				D34979A7301A6B7A00EDB517 /* FirebaseFirestore in Frameworks */,
				D34979A9301A6B7A00EDB517 /* FirebaseStorage in Frameworks */,
			);
			runOnlyForDeploymentPostprocessing = 0;
		};
/* End PBXFrameworksBuildPhase section */

/* Begin PBXGroup section */
		D36DD8F93019401400158913 = {
			isa = PBXGroup;
			children = (
				D36DD9043019401500158913 /* LosMusicians */,
				D36DD9033019401500158913 /* Products */,
			);
			sourceTree = "<group>";
		};
		D36DD9033019401500158913 /* Products */ = {
			isa = PBXGroup;
			children = (
				D36DD9023019401500158913 /* LosMusicians.app */,
			);
			name = Products;
			sourceTree = "<group>";
		};
		D36DD9043019401500158913 /* LosMusicians */ = {
			isa = PBXGroup;
			children = (
				D36DD9053019401500158913 /* LosMusiciansApp.swift */,
				D36DD9073019401500158913 /* ContentView.swift */,
				D36DD9093019401800158913 /* Assets.xcassets */,
				D36DD90B3019401800158913 /* Preview Content */,
				D3497910301A700000000001 /* User.swift */,
				D3497910301A700000000002 /* Song.swift */,
				D3497910301A700000000003 /* AuthManager.swift */,
				D3497910301A700000000004 /* FirestoreManager.swift */,
				D3497910301A700000000005 /* MainTabView.swift */,
				D3497910301A700000000006 /* LoginView.swift */,
				D3497910301A700000000007 /* DashboardView.swift */,
				E3497910301A700000000001 /* AITeacherSetupView.swift */,
				E3497910301A700000000002 /* AITeacherPlayerView.swift */,
				D3497910301A700000000008 /* SongLibraryView.swift */,
				D3497910301A700000000009 /* AddRiffView.swift */,
				D3497910301A70000000000A /* AlphaTabWebView.swift */,
				D3497910301A70000000000B /* TabPlayerView.swift */,
				D3497910301A70000000000C /* ProfileView.swift */,
			);
			path = LosMusicians;
			sourceTree = "<group>";
		};
		D36DD90B3019401800158913 /* Preview Content */ = {
			isa = PBXGroup;
			children = (
				D34979A1301A67DF00EDB517 /* GoogleService-Info.plist */,
				D36DD90C3019401800158913 /* Preview Assets.xcassets */,
			);
			path = "Preview Content";
			sourceTree = "<group>";
		};
/* End PBXGroup section */

/* Begin PBXNativeTarget section */
		D36DD9013019401500158913 /* LosMusicians */ = {
			isa = PBXNativeTarget;
			buildConfigurationList = D36DD9103019401800158913 /* Build configuration list for PBXNativeTarget "LosMusicians" */;
			buildPhases = (
				D36DD8FE3019401500158913 /* Sources */,
				D36DD8FF3019401500158913 /* Frameworks */,
				D36DD9003019401500158913 /* Resources */,
			);
			buildRules = (
			);
			dependencies = (
			);
			name = LosMusicians;
			packageProductDependencies = (
				D34979A4301A6B7A00EDB517 /* FirebaseAuth */,
				D34979A6301A6B7A00EDB517 /* FirebaseFirestore */,
				D34979A8301A6B7A00EDB517 /* FirebaseStorage */,
			);
			productName = LosMusicians;
			productReference = D36DD9023019401500158913 /* LosMusicians.app */;
			productType = "com.apple.product-type.application";
		};
/* End PBXNativeTarget section */

/* Begin PBXProject section */
		D36DD8FA3019401400158913 /* Project object */ = {
			isa = PBXProject;
			attributes = {
				BuildIndependentTargetsInParallel = 1;
				LastSwiftUpdateCheck = 1420;
				LastUpgradeCheck = 1420;
				TargetAttributes = {
					D36DD9013019401500158913 = {
						CreatedOnToolsVersion = 14.2;
					};
				};
			};
			buildConfigurationList = D36DD8FD3019401400158913 /* Build configuration list for PBXProject "LosMusicians" */;
			compatibilityVersion = "Xcode 14.0";
			developmentRegion = en;
			hasScannedForEncodings = 0;
			knownRegions = (
				en,
				Base,
			);
			mainGroup = D36DD8F93019401400158913;
			packageReferences = (
				D34979A3301A6B7A00EDB517 /* XCRemoteSwiftPackageReference "firebase-ios-sdk" */,
			);
			productRefGroup = D36DD9033019401500158913 /* Products */;
			projectDirPath = "";
			projectRoot = "";
			targets = (
				D36DD9013019401500158913 /* LosMusicians */,
			);
		};
/* End PBXProject section */

/* Begin PBXResourcesBuildPhase section */
		D36DD9003019401500158913 /* Resources */ = {
			isa = PBXResourcesBuildPhase;
			buildActionMask = 2147483647;
			files = (
				D36DD90D3019401800158913 /* Preview Assets.xcassets in Resources */,
				D36DD90A3019401800158913 /* Assets.xcassets in Resources */,
				D34979A2301A67E000EDB517 /* GoogleService-Info.plist in Resources */,
			);
			runOnlyForDeploymentPostprocessing = 0;
		};
/* End PBXResourcesBuildPhase section */

/* Begin PBXSourcesBuildPhase section */
		D36DD8FE3019401500158913 /* Sources */ = {
			isa = PBXSourcesBuildPhase;
			buildActionMask = 2147483647;
			files = (
				D36DD9083019401500158913 /* ContentView.swift in Sources */,
				D36DD9063019401500158913 /* LosMusiciansApp.swift in Sources */,
				D3497911301A700000000001 /* User.swift in Sources */,
				D3497911301A700000000002 /* Song.swift in Sources */,
				D3497911301A700000000003 /* AuthManager.swift in Sources */,
				D3497911301A700000000004 /* FirestoreManager.swift in Sources */,
				D3497911301A700000000005 /* MainTabView.swift in Sources */,
				D3497911301A700000000006 /* LoginView.swift in Sources */,
				D3497911301A700000000007 /* DashboardView.swift in Sources */,
				E3497911301A700000000001 /* AITeacherSetupView.swift in Sources */,
				E3497911301A700000000002 /* AITeacherPlayerView.swift in Sources */,
				D3497911301A700000000008 /* SongLibraryView.swift in Sources */,
				D3497911301A700000000009 /* AddRiffView.swift in Sources */,
				D3497911301A70000000000A /* AlphaTabWebView.swift in Sources */,
				D3497911301A70000000000B /* TabPlayerView.swift in Sources */,
				D3497911301A70000000000C /* ProfileView.swift in Sources */,
			);
			runOnlyForDeploymentPostprocessing = 0;
		};
/* End PBXSourcesBuildPhase section */

/* Begin XCBuildConfiguration section */
		D36DD90E3019401800158913 /* Debug */ = {
			isa = XCBuildConfiguration;
			buildSettings = {
				ALWAYS_SEARCH_USER_PATHS = NO;
				CLANG_ANALYZER_NONNULL = YES;
				CLANG_ANALYZER_NUMBER_OBJECT_CONVERSION = YES_AGGRESSIVE;
				CLANG_CXX_LANGUAGE_STANDARD = "gnu++20";
				CLANG_ENABLE_MODULES = YES;
				CLANG_ENABLE_OBJC_ARC = YES;
				CLANG_ENABLE_OBJC_WEAK = YES;
				CLANG_WARN_BLOCK_CAPTURE_AUTORELEASING = YES;
				CLANG_WARN_BOOL_CONVERSION = YES;
				CLANG_WARN_COMMA = YES;
				CLANG_WARN_CONSTANT_CONVERSION = YES;
				CLANG_WARN_DEPRECATED_OBJC_IMPLEMENTATIONS = YES;
				CLANG_WARN_DIRECT_OBJC_ISA_USAGE = YES_ERROR;
				CLANG_WARN_DOCUMENTATION_COMMENTS = YES;
				CLANG_WARN_EMPTY_BODY = YES;
				CLANG_WARN_ENUM_CONVERSION = YES;
				CLANG_WARN_INFINITE_RECURSION = YES;
				CLANG_WARN_INT_CONVERSION = YES;
				CLANG_WARN_NON_LITERAL_NULL_CONVERSION = YES;
				CLANG_WARN_OBJC_IMPLICIT_RETAIN_SELF = YES;
				CLANG_WARN_OBJC_LITERAL_CONVERSION = YES;
				CLANG_WARN_OBJC_ROOT_CLASS = YES_ERROR;
				CLANG_WARN_QUOTED_INCLUDE_IN_FRAMEWORK_HEADER = YES;
				CLANG_WARN_RANGE_LOOP_ANALYSIS = YES;
				CLANG_WARN_STRICT_PROTOTYPES = YES;
				CLANG_WARN_SUSPICIOUS_MOVE = YES;
				CLANG_WARN_UNGUARDED_AVAILABILITY = YES_AGGRESSIVE;
				CLANG_WARN_UNREACHABLE_CODE = YES;
				CLANG_WARN__DUPLICATE_METHOD_MATCH = YES;
				COPY_PHASE_STRIP = NO;
				DEBUG_INFORMATION_FORMAT = dwarf;
				ENABLE_STRICT_OBJC_MSGSEND = YES;
				ENABLE_TESTABILITY = YES;
				GCC_C_LANGUAGE_STANDARD = gnu11;
				GCC_DYNAMIC_NO_PIC = NO;
				GCC_NO_COMMON_BLOCKS = YES;
				GCC_OPTIMIZATION_LEVEL = 0;
				GCC_PREPROCESSOR_DEFINITIONS = (
					"DEBUG=1",
					"$(inherited)",
				);
				GCC_WARN_64_TO_32_BIT_CONVERSION = YES;
				GCC_WARN_ABOUT_RETURN_TYPE = YES_ERROR;
				GCC_WARN_UNDECLARED_SELECTOR = YES;
				GCC_WARN_UNINITIALIZED_AUTOS = YES_AGGRESSIVE;
				GCC_WARN_UNUSED_FUNCTION = YES;
				GCC_WARN_UNUSED_VARIABLE = YES;
				IPHONEOS_DEPLOYMENT_TARGET = 16.2;
				MTL_ENABLE_DEBUG_INFO = INCLUDE_SOURCE;
				MTL_FAST_MATH = YES;
				ONLY_ACTIVE_ARCH = YES;
				SDKROOT = iphoneos;
				SWIFT_ACTIVE_COMPILATION_CONDITIONS = DEBUG;
				SWIFT_OPTIMIZATION_LEVEL = "-Onone";
			};
			name = Debug;
		};
		D36DD90F3019401800158913 /* Release */ = {
			isa = XCBuildConfiguration;
			buildSettings = {
				ALWAYS_SEARCH_USER_PATHS = NO;
				CLANG_ANALYZER_NONNULL = YES;
				CLANG_ANALYZER_NUMBER_OBJECT_CONVERSION = YES_AGGRESSIVE;
				CLANG_CXX_LANGUAGE_STANDARD = "gnu++20";
				CLANG_ENABLE_MODULES = YES;
				CLANG_ENABLE_OBJC_ARC = YES;
				CLANG_ENABLE_OBJC_WEAK = YES;
				CLANG_WARN_BLOCK_CAPTURE_AUTORELEASING = YES;
				CLANG_WARN_BOOL_CONVERSION = YES;
				CLANG_WARN_COMMA = YES;
				CLANG_WARN_CONSTANT_CONVERSION = YES;
				CLANG_WARN_DEPRECATED_OBJC_IMPLEMENTATIONS = YES;
				CLANG_WARN_DIRECT_OBJC_ISA_USAGE = YES_ERROR;
				CLANG_WARN_DOCUMENTATION_COMMENTS = YES;
				CLANG_WARN_EMPTY_BODY = YES;
				CLANG_WARN_ENUM_CONVERSION = YES;
				CLANG_WARN_INFINITE_RECURSION = YES;
				CLANG_WARN_INT_CONVERSION = YES;
				CLANG_WARN_NON_LITERAL_NULL_CONVERSION = YES;
				CLANG_WARN_OBJC_IMPLICIT_RETAIN_SELF = YES;
				CLANG_WARN_OBJC_LITERAL_CONVERSION = YES;
				CLANG_WARN_OBJC_ROOT_CLASS = YES_ERROR;
				CLANG_WARN_QUOTED_INCLUDE_IN_FRAMEWORK_HEADER = YES;
				CLANG_WARN_RANGE_LOOP_ANALYSIS = YES;
				CLANG_WARN_STRICT_PROTOTYPES = YES;
				CLANG_WARN_SUSPICIOUS_MOVE = YES;
				CLANG_WARN_UNGUARDED_AVAILABILITY = YES_AGGRESSIVE;
				CLANG_WARN_UNREACHABLE_CODE = YES;
				CLANG_WARN__DUPLICATE_METHOD_MATCH = YES;
				COPY_PHASE_STRIP = NO;
				DEBUG_INFORMATION_FORMAT = "dwarf-with-dsym";
				ENABLE_NS_ASSERTIONS = NO;
				ENABLE_STRICT_OBJC_MSGSEND = YES;
				GCC_C_LANGUAGE_STANDARD = gnu11;
				GCC_NO_COMMON_BLOCKS = YES;
				GCC_WARN_64_TO_32_BIT_CONVERSION = YES;
				GCC_WARN_ABOUT_RETURN_TYPE = YES_ERROR;
				GCC_WARN_UNDECLARED_SELECTOR = YES;
				GCC_WARN_UNINITIALIZED_AUTOS = YES_AGGRESSIVE;
				GCC_WARN_UNUSED_FUNCTION = YES;
				GCC_WARN_UNUSED_VARIABLE = YES;
				IPHONEOS_DEPLOYMENT_TARGET = 16.2;
				MTL_ENABLE_DEBUG_INFO = NO;
				MTL_FAST_MATH = YES;
				SDKROOT = iphoneos;
				SWIFT_COMPILATION_MODE = wholemodule;
				SWIFT_OPTIMIZATION_LEVEL = "-O";
				VALIDATE_PRODUCT = YES;
			};
			name = Release;
		};
		D36DD9113019401800158913 /* Debug */ = {
			isa = XCBuildConfiguration;
			buildSettings = {
				ASSETCATALOG_COMPILER_APPICON_NAME = AppIcon;
				ASSETCATALOG_COMPILER_GLOBAL_ACCENT_COLOR_NAME = AccentColor;
				CODE_SIGN_STYLE = Automatic;
				CURRENT_PROJECT_VERSION = 1;
				DEVELOPMENT_ASSET_PATHS = "\"LosMusicians/Preview Content\"";
				DEVELOPMENT_TEAM = PJ32UPL29J;
				ENABLE_PREVIEWS = YES;
				GENERATE_INFOPLIST_FILE = YES;
				INFOPLIST_KEY_UIApplicationSceneManifest_Generation = YES;
				INFOPLIST_KEY_UIApplicationSupportsIndirectInputEvents = YES;
				INFOPLIST_KEY_UILaunchScreen_Generation = YES;
				INFOPLIST_KEY_UISupportedInterfaceOrientations_iPad = "UIInterfaceOrientationPortrait UIInterfaceOrientationPortraitUpsideDown UIInterfaceOrientationLandscapeLeft UIInterfaceOrientationLandscapeRight";
				INFOPLIST_KEY_UISupportedInterfaceOrientations_iPhone = "UIInterfaceOrientationPortrait UIInterfaceOrientationLandscapeLeft UIInterfaceOrientationLandscapeRight";
				LD_RUNPATH_SEARCH_PATHS = (
					"$(inherited)",
					"@executable_path/Frameworks",
				);
				MARKETING_VERSION = 1.0;
				PRODUCT_BUNDLE_IDENTIFIER = com.vicente.losmusicians;
				PRODUCT_NAME = "$(TARGET_NAME)";
				SWIFT_EMIT_LOC_STRINGS = YES;
				SWIFT_VERSION = 5.0;
				TARGETED_DEVICE_FAMILY = "1,2";
			};
			name = Debug;
		};
		D36DD9123019401800158913 /* Release */ = {
			isa = XCBuildConfiguration;
			buildSettings = {
				ASSETCATALOG_COMPILER_APPICON_NAME = AppIcon;
				ASSETCATALOG_COMPILER_GLOBAL_ACCENT_COLOR_NAME = AccentColor;
				CODE_SIGN_STYLE = Automatic;
				CURRENT_PROJECT_VERSION = 1;
				DEVELOPMENT_ASSET_PATHS = "\"LosMusicians/Preview Content\"";
				DEVELOPMENT_TEAM = PJ32UPL29J;
				ENABLE_PREVIEWS = YES;
				GENERATE_INFOPLIST_FILE = YES;
				INFOPLIST_KEY_UIApplicationSceneManifest_Generation = YES;
				INFOPLIST_KEY_UIApplicationSupportsIndirectInputEvents = YES;
				INFOPLIST_KEY_UILaunchScreen_Generation = YES;
				INFOPLIST_KEY_UISupportedInterfaceOrientations_iPad = "UIInterfaceOrientationPortrait UIInterfaceOrientationPortraitUpsideDown UIInterfaceOrientationLandscapeLeft UIInterfaceOrientationLandscapeRight";
				INFOPLIST_KEY_UISupportedInterfaceOrientations_iPhone = "UIInterfaceOrientationPortrait UIInterfaceOrientationLandscapeLeft UIInterfaceOrientationLandscapeRight";
				LD_RUNPATH_SEARCH_PATHS = (
					"$(inherited)",
					"@executable_path/Frameworks",
				);
				MARKETING_VERSION = 1.0;
				PRODUCT_BUNDLE_IDENTIFIER = com.vicente.losmusicians;
				PRODUCT_NAME = "$(TARGET_NAME)";
				SWIFT_EMIT_LOC_STRINGS = YES;
				SWIFT_VERSION = 5.0;
				TARGETED_DEVICE_FAMILY = "1,2";
			};
			name = Release;
		};
/* End XCBuildConfiguration section */

/* Begin XCConfigurationList section */
		D36DD8FD3019401400158913 /* Build configuration list for PBXProject "LosMusicians" */ = {
			isa = XCConfigurationList;
			buildConfigurations = (
				D36DD90E3019401800158913 /* Debug */,
				D36DD90F3019401800158913 /* Release */,
			);
			defaultConfigurationIsVisible = 0;
			defaultConfigurationName = Release;
		};
		D36DD9103019401800158913 /* Build configuration list for PBXNativeTarget "LosMusicians" */ = {
			isa = XCConfigurationList;
			buildConfigurations = (
				D36DD9113019401800158913 /* Debug */,
				D36DD9123019401800158913 /* Release */,
			);
			defaultConfigurationIsVisible = 0;
			defaultConfigurationName = Release;
		};
/* End XCConfigurationList section */

/* Begin XCRemoteSwiftPackageReference section */
		D34979A3301A6B7A00EDB517 /* XCRemoteSwiftPackageReference "firebase-ios-sdk" */ = {
			isa = XCRemoteSwiftPackageReference;
			repositoryURL = "https://github.com/firebase/firebase-ios-sdk";
			requirement = {
				kind = upToNextMajorVersion;
				minimumVersion = 10.0.0;
			};
		};
/* End XCRemoteSwiftPackageReference section */

/* Begin XCSwiftPackageProductDependency section */
		D34979A4301A6B7A00EDB517 /* FirebaseAuth */ = {
			isa = XCSwiftPackageProductDependency;
			package = D34979A3301A6B7A00EDB517 /* XCRemoteSwiftPackageReference "firebase-ios-sdk" */;
			productName = FirebaseAuth;
		};
		D34979A6301A6B7A00EDB517 /* FirebaseFirestore */ = {
			isa = XCSwiftPackageProductDependency;
			package = D34979A3301A6B7A00EDB517 /* XCRemoteSwiftPackageReference "firebase-ios-sdk" */;
			productName = FirebaseFirestore;
		};
		D34979A8301A6B7A00EDB517 /* FirebaseStorage */ = {
			isa = XCSwiftPackageProductDependency;
			package = D34979A3301A6B7A00EDB517 /* XCRemoteSwiftPackageReference "firebase-ios-sdk" */;
			productName = FirebaseStorage;
		};
/* End XCSwiftPackageProductDependency section */
	};
	rootObject = D36DD8FA3019401400158913 /* Project object */;
}
